schema: '2.0'
stages:
  ingest:
    cmd: python -m src.components.data_ingestion
    deps:
    - path: data/raw/creditcard.csv
      hash: md5
      md5: e90efcb83d69faf99fcab8b0255024de
      size: 150828752
    - path: src/components/data_ingestion.py
      hash: md5
      md5: 2feda33a623ac7ed78593f4deb6cb0db
      size: 1910
    outs:
    - path: data/processed/test.csv
      hash: md5
      md5: 39f9771344cc134df39e5e55983e786c
      size: 103261
    - path: data/processed/train.csv
      hash: md5
      md5: 90971aceb7284770999e3f0756ff6942
      size: 412383
  process:
    cmd: python -m src.components.data_transformation
    deps:
    - path: data/processed/test.csv
      hash: md5
      md5: 39f9771344cc134df39e5e55983e786c
      size: 103261
    - path: data/processed/train.csv
      hash: md5
      md5: 90971aceb7284770999e3f0756ff6942
      size: 412383
    - path: src/components/data_transformation.py
      hash: md5
      md5: 7c709ff3f1a1bd4f8f2f5cb8b082caf0
      size: 2024
    outs:
    - path: artifacts/preprocessor.pkl
      hash: md5
      md5: b2e854889614459e1825f24bd304b315
      size: 1432
    - path: data/processed/test_transformed.npy
      hash: md5
      md5: d2d697e1596fd2ada3c1d2bd50a8d612
      size: 48984
    - path: data/processed/train_transformed.npy
      hash: md5
      md5: 455c7c4fbc6dfbfa79d3118f1e3cfeea
      size: 195304
  train:
    cmd: python -m src.components.model_trainer
    deps:
    - path: data/processed/test_transformed.npy
      hash: md5
      md5: d2d697e1596fd2ada3c1d2bd50a8d612
      size: 48984
    - path: data/processed/train_transformed.npy
      hash: md5
      md5: 455c7c4fbc6dfbfa79d3118f1e3cfeea
      size: 195304
    - path: src/components/model_trainer.py
      hash: md5
      md5: bdeadb620e9c3c283dd20d32724062b9
      size: 4469
    outs:
    - path: metrics/metrics.json
      hash: md5
      md5: 320fde13a2a74209d6d41303ce0f878c
      size: 292
    - path: models/model.pkl
      hash: md5
      md5: a17f253556fc2db7953ae4805404bdda
      size: 922
  predict:
    cmd: python -m src.pipeline.predict_pipeline
    deps:
    - path: artifacts/preprocessor.pkl
      hash: md5
      md5: b2e854889614459e1825f24bd304b315
      size: 1432
    - path: models/model.pkl
      hash: md5
      md5: a17f253556fc2db7953ae4805404bdda
      size: 922
    outs:
    - path: src/prediction_output/prediction.txt
      hash: md5
      md5: ba309bf3b8e3e5bbbf01f45d77646fb3
      size: 4
